
Microsoft Visual Studio Solution File, Format Version 12.00
# Visual Studio Version 17
VisualStudioVersion = 17.3.32804.467
MinimumVisualStudioVersion = 10.0.40219.1
Project("{FAE04EC0-301F-11D3-BF4B-00C04F79EFBC}") = "TestContext.ServiceClient", "TestContext.ServiceClient\TestContext.ServiceClient.csproj", "{48FC8B89-66B3-4271-9EB9-4D00AD46F11E}"
EndProject
Project("{FAE04EC0-301F-11D3-BF4B-00C04F79EFBC}") = "TestContext.ServiceClient.UnitTest", "TestContext.ServiceClient.UnitTest\TestContext.ServiceClient.UnitTest.csproj", "{558AA4EC-FB23-4A62-95F5-7668E76FD01C}"
EndProject
Project("{FAE04EC0-301F-11D3-BF4B-00C04F79EFBC}") = "TestContext.ServiceClient.APISandbox", "TestContext.ServiceClient.APISandbox\TestContext.ServiceClient.APISandbox.csproj", "{952E151F-34B2-4FC6-99D3-9223C935CF3B}"
EndProject
Global
	GlobalSection(SolutionConfigurationPlatforms) = preSolution
		Debug|Any CPU = Debug|Any CPU
		Release|Any CPU = Release|Any CPU
	EndGlobalSection
	GlobalSection(ProjectConfigurationPlatforms) = postSolution
		{48FC8B89-66B3-4271-9EB9-4D00AD46F11E}.Debug|Any CPU.ActiveCfg = Debug|Any CPU
		{48FC8B89-66B3-4271-9EB9-4D00AD46F11E}.Debug|Any CPU.Build.0 = Debug|Any CPU
		{48FC8B89-66B3-4271-9EB9-4D00AD46F11E}.Release|Any CPU.ActiveCfg = Release|Any CPU
		{48FC8B89-66B3-4271-9EB9-4D00AD46F11E}.Release|Any CPU.Build.0 = Release|Any CPU
		{558AA4EC-FB23-4A62-95F5-7668E76FD01C}.Debug|Any CPU.ActiveCfg = Debug|Any CPU
		{558AA4EC-FB23-4A62-95F5-7668E76FD01C}.Debug|Any CPU.Build.0 = Debug|Any CPU
		{558AA4EC-FB23-4A62-95F5-7668E76FD01C}.Release|Any CPU.ActiveCfg = Release|Any CPU
		{558AA4EC-FB23-4A62-95F5-7668E76FD01C}.Release|Any CPU.Build.0 = Release|Any CPU
		{952E151F-34B2-4FC6-99D3-9223C935CF3B}.Debug|Any CPU.ActiveCfg = Debug|Any CPU
		{952E151F-34B2-4FC6-99D3-9223C935CF3B}.Debug|Any CPU.Build.0 = Debug|Any CPU
		{952E151F-34B2-4FC6-99D3-9223C935CF3B}.Release|Any CPU.ActiveCfg = Release|Any CPU
		{952E151F-34B2-4FC6-99D3-9223C935CF3B}.Release|Any CPU.Build.0 = Release|Any CPU
	EndGlobalSection
	GlobalSection(SolutionProperties) = preSolution
		HideSolutionNode = FALSE
	EndGlobalSection
	GlobalSection(ExtensibilityGlobals) = postSolution
		SolutionGuid = {B3575CC2-A948-402E-9BCF-D40FE292B3C1}
	EndGlobalSection
EndGlobal
